github.com/fluent/fluent-bit-go v0.0.0-20190925192703-ea13c021720c h1:QwbffUs/+ptC4kTFPEN9Ej2latTq3bZJ5HO/OwPXYMs=
github.com/fluent/fluent-bit-go v0.0.0-20190925192703-ea13c021720c/go.mod h1:WQX+afhrekY9rGK+WT4xvKSlzmia9gDoLYu4GGYGASQ=
github.com/ugorji/go v1.1.4 h1:j4s+tAvLfL3bZyefP2SEWmhBzmuIlH/eqNuPdFPgngw=
github.com/ugorji/go v1.1.4/go.mod h1:uQMGLiO92mf5W77hV/PUCpI3pbzQx3CRekS0kk+RGrc=
